
Microsoft Visual Studio Solution File, Format Version 12.00
# Visual Studio Version 17
VisualStudioVersion = 17.10.35013.160
MinimumVisualStudioVersion = 10.0.40219.1
Project("{9A19103F-16F7-4668-BE54-9A1E7A4F7556}") = "GridCityServer", "GridCityServer\GridCityServer.csproj", "{E1C8FF60-59E2-4780-A2B4-8D527A2F97AD}"
	ProjectSection(ProjectDependencies) = postProject
		{A1124AF0-AC02-49ED-B7B2-67822AF9EF86} = {A1124AF0-AC02-49ED-B7B2-67822AF9EF86}
	EndProjectSection
EndProject
Project("{2150E333-8FDC-42A3-9474-1A3956D46DE8}") = "Solution Items", "Solution Items", "{1F4633FA-5DA1-4068-ACF6-02ECE8C55ADD}"
	ProjectSection(SolutionItems) = preProject
		.editorconfig = .editorconfig
	EndProjectSection
EndProject
Project("{9A19103F-16F7-4668-BE54-9A1E7A4F7556}") = "GridCity.GameLogic", "..\GridCity.GameLogic\GridCity.GameLogic.csproj", "{A1124AF0-AC02-49ED-B7B2-67822AF9EF86}"
EndProject
Global
	GlobalSection(SolutionConfigurationPlatforms) = preSolution
		Debug|Any CPU = Debug|Any CPU
		Release|Any CPU = Release|Any CPU
	EndGlobalSection
	GlobalSection(ProjectConfigurationPlatforms) = postSolution
		{E1C8FF60-59E2-4780-A2B4-8D527A2F97AD}.Debug|Any CPU.ActiveCfg = Debug|Any CPU
		{E1C8FF60-59E2-4780-A2B4-8D527A2F97AD}.Debug|Any CPU.Build.0 = Debug|Any CPU
		{E1C8FF60-59E2-4780-A2B4-8D527A2F97AD}.Release|Any CPU.ActiveCfg = Release|Any CPU
		{E1C8FF60-59E2-4780-A2B4-8D527A2F97AD}.Release|Any CPU.Build.0 = Release|Any CPU
		{A1124AF0-AC02-49ED-B7B2-67822AF9EF86}.Debug|Any CPU.ActiveCfg = Debug|Any CPU
		{A1124AF0-AC02-49ED-B7B2-67822AF9EF86}.Debug|Any CPU.Build.0 = Debug|Any CPU
		{A1124AF0-AC02-49ED-B7B2-67822AF9EF86}.Release|Any CPU.ActiveCfg = Release|Any CPU
		{A1124AF0-AC02-49ED-B7B2-67822AF9EF86}.Release|Any CPU.Build.0 = Release|Any CPU
	EndGlobalSection
	GlobalSection(SolutionProperties) = preSolution
		HideSolutionNode = FALSE
	EndGlobalSection
	GlobalSection(ExtensibilityGlobals) = postSolution
		SolutionGuid = {DFDE0246-7D3A-4440-B651-C3BB7EED3DB4}
	EndGlobalSection
EndGlobal
